github.com/cilium/ebpf v0.17.2 h1:IQTaTVu0vKA8WTemFuBnxW9YbAwMkJVKHsNHW4lHv/g=
github.com/cilium/ebpf v0.17.2/go.mod h1:9X5VAsIOck/nCAp0+nCSVzub1Q7x+zKXXItTMYfNE+E=
golang.org/x/sys v0.28.0 h1:Fksou7UEQUWlKvIdsqzJmUmCX3cZuD2+P3XyyzwMhlA=
golang.org/x/sys v0.28.0/go.mod h1:/VUhepiaJMQUp4+oa/7Zr1D23ma6VTLIYjOOTFZPUcA=
